
Microsoft Visual Studio Solution File, Format Version 12.00
# Visual Studio Version 17
VisualStudioVersion = 17.8.34330.188
MinimumVisualStudioVersion = 10.0.40219.1
Project("{9A19103F-16F7-4668-BE54-9A1E7A4F7556}") = "BulkyBookWeb", "BulkyWeb\BulkyBookWeb.csproj", "{CFF9D5F9-FFE4-4D2E-BA3F-F222B568423F}"
EndProject
Project("{9A19103F-16F7-4668-BE54-9A1E7A4F7556}") = "BulkyBook.Models", "Bulky.Models\BulkyBook.Models.csproj", "{5BD01F80-21FD-4DB6-8483-719F2686593D}"
EndProject
Project("{9A19103F-16F7-4668-BE54-9A1E7A4F7556}") = "BulkyBook.Utility", "Bulky.Utility\BulkyBook.Utility.csproj", "{7F3D57CE-8C37-46AF-BC81-F09ECE67FE58}"
EndProject
Project("{9A19103F-16F7-4668-BE54-9A1E7A4F7556}") = "BulkyBook.DataAccess", "Bulky.DataAccess\BulkyBook.DataAccess.csproj", "{2D6CC72F-C9BB-4F1C-9493-151FB8AAD59E}"
EndProject
Global
	GlobalSection(SolutionConfigurationPlatforms) = preSolution
		Debug|Any CPU = Debug|Any CPU
		Release|Any CPU = Release|Any CPU
	EndGlobalSection
	GlobalSection(ProjectConfigurationPlatforms) = postSolution
		{CFF9D5F9-FFE4-4D2E-BA3F-F222B568423F}.Debug|Any CPU.ActiveCfg = Debug|Any CPU
		{CFF9D5F9-FFE4-4D2E-BA3F-F222B568423F}.Debug|Any CPU.Build.0 = Debug|Any CPU
		{CFF9D5F9-FFE4-4D2E-BA3F-F222B568423F}.Release|Any CPU.ActiveCfg = Release|Any CPU
		{CFF9D5F9-FFE4-4D2E-BA3F-F222B568423F}.Release|Any CPU.Build.0 = Release|Any CPU
		{5BD01F80-21FD-4DB6-8483-719F2686593D}.Debug|Any CPU.ActiveCfg = Debug|Any CPU
		{5BD01F80-21FD-4DB6-8483-719F2686593D}.Debug|Any CPU.Build.0 = Debug|Any CPU
		{5BD01F80-21FD-4DB6-8483-719F2686593D}.Release|Any CPU.ActiveCfg = Release|Any CPU
		{5BD01F80-21FD-4DB6-8483-719F2686593D}.Release|Any CPU.Build.0 = Release|Any CPU
		{7F3D57CE-8C37-46AF-BC81-F09ECE67FE58}.Debug|Any CPU.ActiveCfg = Debug|Any CPU
		{7F3D57CE-8C37-46AF-BC81-F09ECE67FE58}.Debug|Any CPU.Build.0 = Debug|Any CPU
		{7F3D57CE-8C37-46AF-BC81-F09ECE67FE58}.Release|Any CPU.ActiveCfg = Release|Any CPU
		{7F3D57CE-8C37-46AF-BC81-F09ECE67FE58}.Release|Any CPU.Build.0 = Release|Any CPU
		{2D6CC72F-C9BB-4F1C-9493-151FB8AAD59E}.Debug|Any CPU.ActiveCfg = Debug|Any CPU
		{2D6CC72F-C9BB-4F1C-9493-151FB8AAD59E}.Debug|Any CPU.Build.0 = Debug|Any CPU
		{2D6CC72F-C9BB-4F1C-9493-151FB8AAD59E}.Release|Any CPU.ActiveCfg = Release|Any CPU
		{2D6CC72F-C9BB-4F1C-9493-151FB8AAD59E}.Release|Any CPU.Build.0 = Release|Any CPU
	EndGlobalSection
	GlobalSection(SolutionProperties) = preSolution
		HideSolutionNode = FALSE
	EndGlobalSection
	GlobalSection(ExtensibilityGlobals) = postSolution
		SolutionGuid = {08B867DB-56A0-432A-A844-B1C18C2EE8DE}
	EndGlobalSection
EndGlobal
